
Microsoft Visual Studio Solution File, Format Version 12.00
# Visual Studio Version 16
VisualStudioVersion = 16.0.29920.165
MinimumVisualStudioVersion = 10.0.40219.1
Project("{8BC9CEB8-8B4A-11D0-8D11-00A0C91BC942}") = "Control", "Control.vcxproj", "{F1F8556A-0A05-4329-A324-1B5C0B452097}"
EndProject
Global
	GlobalSection(SolutionConfigurationPlatforms) = preSolution
		Debug|VisualGDB = Debug|VisualGDB
		Debug|x64 = Debug|x64
		Release|VisualGDB = Release|VisualGDB
		Release|x64 = Release|x64
	EndGlobalSection
	GlobalSection(ProjectConfigurationPlatforms) = postSolution
		{F1F8556A-0A05-4329-A324-1B5C0B452097}.Debug|VisualGDB.ActiveCfg = Debug|VisualGDB
		{F1F8556A-0A05-4329-A324-1B5C0B452097}.Debug|VisualGDB.Build.0 = Debug|VisualGDB
		{F1F8556A-0A05-4329-A324-1B5C0B452097}.Debug|x64.ActiveCfg = Debug|VisualGDB
		{F1F8556A-0A05-4329-A324-1B5C0B452097}.Release|VisualGDB.ActiveCfg = Release|VisualGDB
		{F1F8556A-0A05-4329-A324-1B5C0B452097}.Release|VisualGDB.Build.0 = Release|VisualGDB
		{F1F8556A-0A05-4329-A324-1B5C0B452097}.Release|x64.ActiveCfg = Release|VisualGDB
	EndGlobalSection
	GlobalSection(SolutionProperties) = preSolution
		HideSolutionNode = FALSE
	EndGlobalSection
	GlobalSection(ExtensibilityGlobals) = postSolution
		SolutionGuid = {6D7CCDBD-535A-42C5-BC66-F547D485AD58}
	EndGlobalSection
EndGlobal
